// !$*UTF8*$!
{
	archiveVersion = 1;
	classes = {
	};
	objectVersion = 46;
	objects = {

/* Begin PBXBuildFile section */
		7A01E7031C8E4DD500FB2357 /* PictureViewController.m in Sources */ = {isa = PBXBuildFile; fileRef = 7A01E7021C8E4DD500FB2357 /* PictureViewController.m */; };
		7A01E7051C8EA24300FB2357 /* ZMYNetManager.m in Sources */ = {isa = PBXBuildFile; fileRef = 7A01E7041C8EA24300FB2357 /* ZMYNetManager.m */; };
		7A01E70C1C8EA2F200FB2357 /* LICENCE.txt in Resources */ = {isa = PBXBuildFile; fileRef = 7A01E7081C8EA2F200FB2357 /* LICENCE.txt */; };
		7A01E70D1C8EA2F200FB2357 /* Reachability.m in Sources */ = {isa = PBXBuildFile; fileRef = 7A01E70A1C8EA2F200FB2357 /* Reachability.m */; };
		7A01E70E1C8EA2F200FB2357 /* README.md in Sources */ = {isa = PBXBuildFile; fileRef = 7A01E70B1C8EA2F200FB2357 /* README.md */; };
		7A01E7111C8EB41700FB2357 /* ForgetViewController.m in Sources */ = {isa = PBXBuildFile; fileRef = 7A01E7101C8EB41700FB2357 /* ForgetViewController.m */; };
		7A026F7F1C8A7D3F00AA072A /* ClassisTableViewCell.m in Sources */ = {isa = PBXBuildFile; fileRef = 7A026F7E1C8A7D3F00AA072A /* ClassisTableViewCell.m */; };
		7A026F821C8A7D9F00AA072A /* ClassisModel.m in Sources */ = {isa = PBXBuildFile; fileRef = 7A026F811C8A7D9F00AA072A /* ClassisModel.m */; };
		7A026F941C8AD63E00AA072A /* UIViewController+BackPage.m in Sources */ = {isa = PBXBuildFile; fileRef = 7A026F931C8AD63E00AA072A /* UIViewController+BackPage.m */; };
		7A12831A1C8C15DF00AE517C /* DetaiViewController.m in Sources */ = {isa = PBXBuildFile; fileRef = 7A1283191C8C15DF00AE517C /* DetaiViewController.m */; };
		7A2CA3481C89BC420010A9A7 /* UIView+UIViewExtension.m in Sources */ = {isa = PBXBuildFile; fileRef = 7A2CA3461C89BC420010A9A7 /* UIView+UIViewExtension.m */; };
		7A59BBD21C87E123009CAD5B /* main.m in Sources */ = {isa = PBXBuildFile; fileRef = 7A59BBD11C87E123009CAD5B /* main.m */; };
		7A59BBDB1C87E123009CAD5B /* Main.storyboard in Resources */ = {isa = PBXBuildFile; fileRef = 7A59BBD91C87E123009CAD5B /* Main.storyboard */; };
		7A59BBDD1C87E123009CAD5B /* Assets.xcassets in Resources */ = {isa = PBXBuildFile; fileRef = 7A59BBDC1C87E123009CAD5B /* Assets.xcassets */; };
		7A59BBE01C87E123009CAD5B /* LaunchScreen.storyboard in Resources */ = {isa = PBXBuildFile; fileRef = 7A59BBDE1C87E123009CAD5B /* LaunchScreen.storyboard */; };
		7A59BC1A1C880789009CAD5B /* AppDelegate.m in Sources */ = {isa = PBXBuildFile; fileRef = 7A59BBFB1C880789009CAD5B /* AppDelegate.m */; };
		7A59BC1B1C880789009CAD5B /* ViewController.m in Sources */ = {isa = PBXBuildFile; fileRef = 7A59BBFD1C880789009CAD5B /* ViewController.m */; };
		7A59BC1C1C880789009CAD5B /* ClassicsViewController.m in Sources */ = {isa = PBXBuildFile; fileRef = 7A59BC011C880789009CAD5B /* ClassicsViewController.m */; };
		7A59BC1D1C880789009CAD5B /* HotViewController.m in Sources */ = {isa = PBXBuildFile; fileRef = 7A59BC071C880789009CAD5B /* HotViewController.m */; };
		7A59BC1E1C880789009CAD5B /* HotTableViewCell.m in Sources */ = {isa = PBXBuildFile; fileRef = 7A59BC0B1C880789009CAD5B /* HotTableViewCell.m */; };
		7A59BC201C880789009CAD5B /* NewestViewController.m in Sources */ = {isa = PBXBuildFile; fileRef = 7A59BC101C880789009CAD5B /* NewestViewController.m */; };
		7A59BC211C880789009CAD5B /* SetViewController.m in Sources */ = {isa = PBXBuildFile; fileRef = 7A59BC161C880789009CAD5B /* SetViewController.m */; };
		7A59BC231C8807CD009CAD5B /* Hot.storyboard in Resources */ = {isa = PBXBuildFile; fileRef = 7A59BC221C8807CD009CAD5B /* Hot.storyboard */; };
		7A59BC251C880916009CAD5B /* Newest.storyboard in Resources */ = {isa = PBXBuildFile; fileRef = 7A59BC241C880916009CAD5B /* Newest.storyboard */; };
		7A59BC271C88098B009CAD5B /* Set.storyboard in Resources */ = {isa = PBXBuildFile; fileRef = 7A59BC261C88098B009CAD5B /* Set.storyboard */; };
		7A59BC291C8827BE009CAD5B /* Classis.storyboard in Resources */ = {isa = PBXBuildFile; fileRef = 7A59BC281C8827BE009CAD5B /* Classis.storyboard */; };
		7A59BC451C883E23009CAD5B /* blueArrow.png in Resources */ = {isa = PBXBuildFile; fileRef = 7A59BC401C883E23009CAD5B /* blueArrow.png */; };
		7A59BC461C883E23009CAD5B /* blueArrowDown.png in Resources */ = {isa = PBXBuildFile; fileRef = 7A59BC411C883E23009CAD5B /* blueArrowDown.png */; };
		7A59BC471C883E23009CAD5B /* PullingRefreshTableView.m in Sources */ = {isa = PBXBuildFile; fileRef = 7A59BC441C883E23009CAD5B /* PullingRefreshTableView.m */; };
		7A59BC4C1C884071009CAD5B /* ProgressHUD.bundle in Resources */ = {isa = PBXBuildFile; fileRef = 7A59BC491C884071009CAD5B /* ProgressHUD.bundle */; };
		7A59BC4D1C884071009CAD5B /* ProgressHUD.m in Sources */ = {isa = PBXBuildFile; fileRef = 7A59BC4B1C884071009CAD5B /* ProgressHUD.m */; };
		7A59BC531C8852D9009CAD5B /* HotModel.m in Sources */ = {isa = PBXBuildFile; fileRef = 7A59BC521C8852D9009CAD5B /* HotModel.m */; };
		7A59BC591C8874FF009CAD5B /* TimeTools.m in Sources */ = {isa = PBXBuildFile; fileRef = 7A59BC581C8874FF009CAD5B /* TimeTools.m */; };
		7AA77A651C8D15FE00436861 /* DetailTableViewCell.m in Sources */ = {isa = PBXBuildFile; fileRef = 7AA77A641C8D15FE00436861 /* DetailTableViewCell.m */; };
		7AA77A681C8D2D6000436861 /* CommentModel.m in Sources */ = {isa = PBXBuildFile; fileRef = 7AA77A671C8D2D6000436861 /* CommentModel.m */; };
		7AA77A6D1C8D7B5700436861 /* LoginViewController.m in Sources */ = {isa = PBXBuildFile; fileRef = 7AA77A6C1C8D7B5700436861 /* LoginViewController.m */; };
		7AA77A6F1C8D81C200436861 /* Login.storyboard in Resources */ = {isa = PBXBuildFile; fileRef = 7AA77A6E1C8D81C200436861 /* Login.storyboard */; };
		7AA77A721C8D857F00436861 /* PassWordViewController.m in Sources */ = {isa = PBXBuildFile; fileRef = 7AA77A711C8D857F00436861 /* PassWordViewController.m */; };
		7AA77A761C8DA6CC00436861 /* Bmob_iOS_SDK更新历史.txt in Resources */ = {isa = PBXBuildFile; fileRef = 7AA77A741C8DA6CC00436861 /* Bmob_iOS_SDK更新历史.txt */; };
		7AA77A771C8DA6CC00436861 /* BmobSDK.framework in Frameworks */ = {isa = PBXBuildFile; fileRef = 7AA77A751C8DA6CC00436861 /* BmobSDK.framework */; };
		7AA77A791C8DAF5100436861 /* CFNetwork.framework in Frameworks */ = {isa = PBXBuildFile; fileRef = 7AA77A781C8DAF5100436861 /* CFNetwork.framework */; };
		7AA77A7B1C8DAF5E00436861 /* CoreTelephony.framework in Frameworks */ = {isa = PBXBuildFile; fileRef = 7AA77A7A1C8DAF5E00436861 /* CoreTelephony.framework */; };
		7AA77A7D1C8DAF6800436861 /* MobileCoreServices.framework in Frameworks */ = {isa = PBXBuildFile; fileRef = 7AA77A7C1C8DAF6800436861 /* MobileCoreServices.framework */; };
		7AA77A7F1C8DAF7C00436861 /* CoreLocation.framework in Frameworks */ = {isa = PBXBuildFile; fileRef = 7AA77A7E1C8DAF7C00436861 /* CoreLocation.framework */; };
		7AA77A811C8DAF8900436861 /* Security.framework in Frameworks */ = {isa = PBXBuildFile; fileRef = 7AA77A801C8DAF8900436861 /* Security.framework */; };
		7AA77A831C8DAF9400436861 /* CoreGraphics.framework in Frameworks */ = {isa = PBXBuildFile; fileRef = 7AA77A821C8DAF9400436861 /* CoreGraphics.framework */; };
		7AA77A851C8DAFA700436861 /* SystemConfiguration.framework in Frameworks */ = {isa = PBXBuildFile; fileRef = 7AA77A841C8DAFA700436861 /* SystemConfiguration.framework */; };
		7AA77A871C8DAFB400436861 /* libz.1.2.5.tbd in Frameworks */ = {isa = PBXBuildFile; fileRef = 7AA77A861C8DAFB400436861 /* libz.1.2.5.tbd */; };
		7AA77A891C8DAFC000436861 /* libicucore.tbd in Frameworks */ = {isa = PBXBuildFile; fileRef = 7AA77A881C8DAFC000436861 /* libicucore.tbd */; };
		7AA77A8B1C8DAFCF00436861 /* libsqlite3.tbd in Frameworks */ = {isa = PBXBuildFile; fileRef = 7AA77A8A1C8DAFCF00436861 /* libsqlite3.tbd */; };
		7AA77A8D1C8DAFD700436861 /* AVFoundation.framework in Frameworks */ = {isa = PBXBuildFile; fileRef = 7AA77A8C1C8DAFD700436861 /* AVFoundation.framework */; };
		7AA77A8F1C8DAFE100436861 /* MediaPlayer.framework in Frameworks */ = {isa = PBXBuildFile; fileRef = 7AA77A8E1C8DAFE100436861 /* MediaPlayer.framework */; };
		9DF385F5D2A300E329DEDC4D /* libPods.a in Frameworks */ = {isa = PBXBuildFile; fileRef = 19D4B2BE8F32860F24220CB3 /* libPods.a */; };
/* End PBXBuildFile section */

/* Begin PBXFileReference section */
		19D4B2BE8F32860F24220CB3 /* libPods.a */ = {isa = PBXFileReference; explicitFileType = archive.ar; includeInIndex = 0; path = libPods.a; sourceTree = BUILT_PRODUCTS_DIR; };
		7A01E7011C8E4DD500FB2357 /* PictureViewController.h */ = {isa = PBXFileReference; fileEncoding = 4; lastKnownFileType = sourcecode.c.h; path = PictureViewController.h; sourceTree = "<group>"; };
		7A01E7021C8E4DD500FB2357 /* PictureViewController.m */ = {isa = PBXFileReference; fileEncoding = 4; lastKnownFileType = sourcecode.c.objc; path = PictureViewController.m; sourceTree = "<group>"; };
		7A01E7041C8EA24300FB2357 /* ZMYNetManager.m */ = {isa = PBXFileReference; fileEncoding = 4; lastKnownFileType = sourcecode.c.objc; path = ZMYNetManager.m; sourceTree = "<group>"; };
		7A01E7061C8EA24900FB2357 /* ZMYNetManager.h */ = {isa = PBXFileReference; fileEncoding = 4; lastKnownFileType = sourcecode.c.h; path = ZMYNetManager.h; sourceTree = "<group>"; };
		7A01E7081C8EA2F200FB2357 /* LICENCE.txt */ = {isa = PBXFileReference; fileEncoding = 4; lastKnownFileType = text; path = LICENCE.txt; sourceTree = "<group>"; };
		7A01E7091C8EA2F200FB2357 /* Reachability.h */ = {isa = PBXFileReference; fileEncoding = 4; lastKnownFileType = sourcecode.c.h; path = Reachability.h; sourceTree = "<group>"; };
		7A01E70A1C8EA2F200FB2357 /* Reachability.m */ = {isa = PBXFileReference; fileEncoding = 4; lastKnownFileType = sourcecode.c.objc; path = Reachability.m; sourceTree = "<group>"; };
		7A01E70B1C8EA2F200FB2357 /* README.md */ = {isa = PBXFileReference; fileEncoding = 4; lastKnownFileType = net.daringfireball.markdown; path = README.md; sourceTree = "<group>"; };
		7A01E70F1C8EB41700FB2357 /* ForgetViewController.h */ = {isa = PBXFileReference; fileEncoding = 4; lastKnownFileType = sourcecode.c.h; path = ForgetViewController.h; sourceTree = "<group>"; };
		7A01E7101C8EB41700FB2357 /* ForgetViewController.m */ = {isa = PBXFileReference; fileEncoding = 4; lastKnownFileType = sourcecode.c.objc; path = ForgetViewController.m; sourceTree = "<group>"; };
		7A026F7D1C8A7D3F00AA072A /* ClassisTableViewCell.h */ = {isa = PBXFileReference; fileEncoding = 4; lastKnownFileType = sourcecode.c.h; path = ClassisTableViewCell.h; sourceTree = "<group>"; };
		7A026F7E1C8A7D3F00AA072A /* ClassisTableViewCell.m */ = {isa = PBXFileReference; fileEncoding = 4; lastKnownFileType = sourcecode.c.objc; path = ClassisTableViewCell.m; sourceTree = "<group>"; };
		7A026F801C8A7D9F00AA072A /* ClassisModel.h */ = {isa = PBXFileReference; fileEncoding = 4; lastKnownFileType = sourcecode.c.h; path = ClassisModel.h; sourceTree = "<group>"; };
		7A026F811C8A7D9F00AA072A /* ClassisModel.m */ = {isa = PBXFileReference; fileEncoding = 4; lastKnownFileType = sourcecode.c.objc; path = ClassisModel.m; sourceTree = "<group>"; };
		7A026F921C8AD63E00AA072A /* UIViewController+BackPage.h */ = {isa = PBXFileReference; fileEncoding = 4; lastKnownFileType = sourcecode.c.h; path = "UIViewController+BackPage.h"; sourceTree = "<group>"; };
		7A026F931C8AD63E00AA072A /* UIViewController+BackPage.m */ = {isa = PBXFileReference; fileEncoding = 4; lastKnownFileType = sourcecode.c.objc; path = "UIViewController+BackPage.m"; sourceTree = "<group>"; };
		7A1283181C8C15DF00AE517C /* DetaiViewController.h */ = {isa = PBXFileReference; fileEncoding = 4; lastKnownFileType = sourcecode.c.h; path = DetaiViewController.h; sourceTree = "<group>"; };
		7A1283191C8C15DF00AE517C /* DetaiViewController.m */ = {isa = PBXFileReference; fileEncoding = 4; lastKnownFileType = sourcecode.c.objc; path = DetaiViewController.m; sourceTree = "<group>"; };
		7A2CA3461C89BC420010A9A7 /* UIView+UIViewExtension.m */ = {isa = PBXFileReference; fileEncoding = 4; lastKnownFileType = sourcecode.c.objc; path = "UIView+UIViewExtension.m"; sourceTree = "<group>"; };
		7A2CA3471C89BC420010A9A7 /* UIView+UIViewExtension.h */ = {isa = PBXFileReference; fileEncoding = 4; lastKnownFileType = sourcecode.c.h; path = "UIView+UIViewExtension.h"; sourceTree = "<group>"; };
		7A59BBCD1C87E123009CAD5B /* jokeToWatch.app */ = {isa = PBXFileReference; explicitFileType = wrapper.application; includeInIndex = 0; path = jokeToWatch.app; sourceTree = BUILT_PRODUCTS_DIR; };
		7A59BBD11C87E123009CAD5B /* main.m */ = {isa = PBXFileReference; lastKnownFileType = sourcecode.c.objc; path = main.m; sourceTree = "<group>"; };
		7A59BBDA1C87E123009CAD5B /* Base */ = {isa = PBXFileReference; lastKnownFileType = file.storyboard; name = Base; path = Base.lproj/Main.storyboard; sourceTree = "<group>"; };
		7A59BBDC1C87E123009CAD5B /* Assets.xcassets */ = {isa = PBXFileReference; lastKnownFileType = folder.assetcatalog; path = Assets.xcassets; sourceTree = "<group>"; };
		7A59BBDF1C87E123009CAD5B /* Base */ = {isa = PBXFileReference; lastKnownFileType = file.storyboard; name = Base; path = Base.lproj/LaunchScreen.storyboard; sourceTree = "<group>"; };
		7A59BBE11C87E123009CAD5B /* Info.plist */ = {isa = PBXFileReference; lastKnownFileType = text.plist.xml; path = Info.plist; sourceTree = "<group>"; };
		7A59BBFA1C880789009CAD5B /* AppDelegate.h */ = {isa = PBXFileReference; fileEncoding = 4; lastKnownFileType = sourcecode.c.h; path = AppDelegate.h; sourceTree = "<group>"; };
		7A59BBFB1C880789009CAD5B /* AppDelegate.m */ = {isa = PBXFileReference; fileEncoding = 4; lastKnownFileType = sourcecode.c.objc; path = AppDelegate.m; sourceTree = "<group>"; };
		7A59BBFC1C880789009CAD5B /* ViewController.h */ = {isa = PBXFileReference; fileEncoding = 4; lastKnownFileType = sourcecode.c.h; path = ViewController.h; sourceTree = "<group>"; };
		7A59BBFD1C880789009CAD5B /* ViewController.m */ = {isa = PBXFileReference; fileEncoding = 4; lastKnownFileType = sourcecode.c.objc; path = ViewController.m; sourceTree = "<group>"; };
		7A59BC001C880789009CAD5B /* ClassicsViewController.h */ = {isa = PBXFileReference; fileEncoding = 4; lastKnownFileType = sourcecode.c.h; path = ClassicsViewController.h; sourceTree = "<group>"; };
		7A59BC011C880789009CAD5B /* ClassicsViewController.m */ = {isa = PBXFileReference; fileEncoding = 4; lastKnownFileType = sourcecode.c.objc; path = ClassicsViewController.m; sourceTree = "<group>"; };
		7A59BC061C880789009CAD5B /* HotViewController.h */ = {isa = PBXFileReference; fileEncoding = 4; lastKnownFileType = sourcecode.c.h; path = HotViewController.h; sourceTree = "<group>"; };
		7A59BC071C880789009CAD5B /* HotViewController.m */ = {isa = PBXFileReference; fileEncoding = 4; lastKnownFileType = sourcecode.c.objc; path = HotViewController.m; sourceTree = "<group>"; };
		7A59BC0A1C880789009CAD5B /* HotTableViewCell.h */ = {isa = PBXFileReference; fileEncoding = 4; lastKnownFileType = sourcecode.c.h; path = HotTableViewCell.h; sourceTree = "<group>"; };
		7A59BC0B1C880789009CAD5B /* HotTableViewCell.m */ = {isa = PBXFileReference; fileEncoding = 4; lastKnownFileType = sourcecode.c.objc; path = HotTableViewCell.m; sourceTree = "<group>"; };
		7A59BC0F1C880789009CAD5B /* NewestViewController.h */ = {isa = PBXFileReference; fileEncoding = 4; lastKnownFileType = sourcecode.c.h; path = NewestViewController.h; sourceTree = "<group>"; };
		7A59BC101C880789009CAD5B /* NewestViewController.m */ = {isa = PBXFileReference; fileEncoding = 4; lastKnownFileType = sourcecode.c.objc; path = NewestViewController.m; sourceTree = "<group>"; };
		7A59BC151C880789009CAD5B /* SetViewController.h */ = {isa = PBXFileReference; fileEncoding = 4; lastKnownFileType = sourcecode.c.h; path = SetViewController.h; sourceTree = "<group>"; };
		7A59BC161C880789009CAD5B /* SetViewController.m */ = {isa = PBXFileReference; fileEncoding = 4; lastKnownFileType = sourcecode.c.objc; path = SetViewController.m; sourceTree = "<group>"; };
		7A59BC221C8807CD009CAD5B /* Hot.storyboard */ = {isa = PBXFileReference; fileEncoding = 4; lastKnownFileType = file.storyboard; path = Hot.storyboard; sourceTree = "<group>"; };
		7A59BC241C880916009CAD5B /* Newest.storyboard */ = {isa = PBXFileReference; fileEncoding = 4; lastKnownFileType = file.storyboard; path = Newest.storyboard; sourceTree = "<group>"; };
		7A59BC261C88098B009CAD5B /* Set.storyboard */ = {isa = PBXFileReference; fileEncoding = 4; lastKnownFileType = file.storyboard; path = Set.storyboard; sourceTree = "<group>"; };
		7A59BC281C8827BE009CAD5B /* Classis.storyboard */ = {isa = PBXFileReference; fileEncoding = 4; lastKnownFileType = file.storyboard; path = Classis.storyboard; sourceTree = "<group>"; };
		7A59BC2A1C882F3C009CAD5B /* JokeWatch.pch */ = {isa = PBXFileReference; lastKnownFileType = sourcecode.c.h; path = JokeWatch.pch; sourceTree = "<group>"; };
		7A59BC401C883E23009CAD5B /* blueArrow.png */ = {isa = PBXFileReference; lastKnownFileType = image.png; path = blueArrow.png; sourceTree = "<group>"; };
		7A59BC411C883E23009CAD5B /* blueArrowDown.png */ = {isa = PBXFileReference; lastKnownFileType = image.png; path = blueArrowDown.png; sourceTree = "<group>"; };
		7A59BC431C883E23009CAD5B /* PullingRefreshTableView.h */ = {isa = PBXFileReference; fileEncoding = 4; lastKnownFileType = sourcecode.c.h; path = PullingRefreshTableView.h; sourceTree = "<group>"; };
		7A59BC441C883E23009CAD5B /* PullingRefreshTableView.m */ = {isa = PBXFileReference; fileEncoding = 4; lastKnownFileType = sourcecode.c.objc; path = PullingRefreshTableView.m; sourceTree = "<group>"; };
		7A59BC491C884071009CAD5B /* ProgressHUD.bundle */ = {isa = PBXFileReference; lastKnownFileType = "wrapper.plug-in"; path = ProgressHUD.bundle; sourceTree = "<group>"; };
		7A59BC4A1C884071009CAD5B /* ProgressHUD.h */ = {isa = PBXFileReference; fileEncoding = 4; lastKnownFileType = sourcecode.c.h; path = ProgressHUD.h; sourceTree = "<group>"; };
		7A59BC4B1C884071009CAD5B /* ProgressHUD.m */ = {isa = PBXFileReference; fileEncoding = 4; lastKnownFileType = sourcecode.c.objc; path = ProgressHUD.m; sourceTree = "<group>"; };
		7A59BC4E1C8840AE009CAD5B /* JokeDefine.h */ = {isa = PBXFileReference; lastKnownFileType = sourcecode.c.h; name = JokeDefine.h; path = ProgressHUD/JokeDefine.h; sourceTree = "<group>"; };
		7A59BC511C8852D9009CAD5B /* HotModel.h */ = {isa = PBXFileReference; fileEncoding = 4; lastKnownFileType = sourcecode.c.h; path = HotModel.h; sourceTree = "<group>"; };
		7A59BC521C8852D9009CAD5B /* HotModel.m */ = {isa = PBXFileReference; fileEncoding = 4; lastKnownFileType = sourcecode.c.objc; path = HotModel.m; sourceTree = "<group>"; };
		7A59BC571C8874FF009CAD5B /* TimeTools.h */ = {isa = PBXFileReference; fileEncoding = 4; lastKnownFileType = sourcecode.c.h; path = TimeTools.h; sourceTree = "<group>"; };
		7A59BC581C8874FF009CAD5B /* TimeTools.m */ = {isa = PBXFileReference; fileEncoding = 4; lastKnownFileType = sourcecode.c.objc; path = TimeTools.m; sourceTree = "<group>"; };
		7AA77A631C8D15FE00436861 /* DetailTableViewCell.h */ = {isa = PBXFileReference; fileEncoding = 4; lastKnownFileType = sourcecode.c.h; path = DetailTableViewCell.h; sourceTree = "<group>"; };
		7AA77A641C8D15FE00436861 /* DetailTableViewCell.m */ = {isa = PBXFileReference; fileEncoding = 4; lastKnownFileType = sourcecode.c.objc; path = DetailTableViewCell.m; sourceTree = "<group>"; };
		7AA77A661C8D2D6000436861 /* CommentModel.h */ = {isa = PBXFileReference; fileEncoding = 4; lastKnownFileType = sourcecode.c.h; path = CommentModel.h; sourceTree = "<group>"; };
		7AA77A671C8D2D6000436861 /* CommentModel.m */ = {isa = PBXFileReference; fileEncoding = 4; lastKnownFileType = sourcecode.c.objc; path = CommentModel.m; sourceTree = "<group>"; };
		7AA77A6B1C8D7B5700436861 /* LoginViewController.h */ = {isa = PBXFileReference; fileEncoding = 4; lastKnownFileType = sourcecode.c.h; path = LoginViewController.h; sourceTree = "<group>"; };
		7AA77A6C1C8D7B5700436861 /* LoginViewController.m */ = {isa = PBXFileReference; fileEncoding = 4; lastKnownFileType = sourcecode.c.objc; path = LoginViewController.m; sourceTree = "<group>"; };
		7AA77A6E1C8D81C200436861 /* Login.storyboard */ = {isa = PBXFileReference; fileEncoding = 4; lastKnownFileType = file.storyboard; path = Login.storyboard; sourceTree = "<group>"; };
		7AA77A701C8D857F00436861 /* PassWordViewController.h */ = {isa = PBXFileReference; fileEncoding = 4; lastKnownFileType = sourcecode.c.h; path = PassWordViewController.h; sourceTree = "<group>"; };
		7AA77A711C8D857F00436861 /* PassWordViewController.m */ = {isa = PBXFileReference; fileEncoding = 4; lastKnownFileType = sourcecode.c.objc; path = PassWordViewController.m; sourceTree = "<group>"; };
		7AA77A741C8DA6CC00436861 /* Bmob_iOS_SDK更新历史.txt */ = {isa = PBXFileReference; fileEncoding = 4; lastKnownFileType = text; path = "Bmob_iOS_SDK更新历史.txt"; sourceTree = "<group>"; };
		7AA77A751C8DA6CC00436861 /* BmobSDK.framework */ = {isa = PBXFileReference; lastKnownFileType = wrapper.framework; path = BmobSDK.framework; sourceTree = "<group>"; };
		7AA77A781C8DAF5100436861 /* CFNetwork.framework */ = {isa = PBXFileReference; lastKnownFileType = wrapper.framework; name = CFNetwork.framework; path = System/Library/Frameworks/CFNetwork.framework; sourceTree = SDKROOT; };
		7AA77A7A1C8DAF5E00436861 /* CoreTelephony.framework */ = {isa = PBXFileReference; lastKnownFileType = wrapper.framework; name = CoreTelephony.framework; path = System/Library/Frameworks/CoreTelephony.framework; sourceTree = SDKROOT; };
		7AA77A7C1C8DAF6800436861 /* MobileCoreServices.framework */ = {isa = PBXFileReference; lastKnownFileType = wrapper.framework; name = MobileCoreServices.framework; path = System/Library/Frameworks/MobileCoreServices.framework; sourceTree = SDKROOT; };
		7AA77A7E1C8DAF7C00436861 /* CoreLocation.framework */ = {isa = PBXFileReference; lastKnownFileType = wrapper.framework; name = CoreLocation.framework; path = System/Library/Frameworks/CoreLocation.framework; sourceTree = SDKROOT; };
		7AA77A801C8DAF8900436861 /* Security.framework */ = {isa = PBXFileReference; lastKnownFileType = wrapper.framework; name = Security.framework; path = System/Library/Frameworks/Security.framework; sourceTree = SDKROOT; };
		7AA77A821C8DAF9400436861 /* CoreGraphics.framework */ = {isa = PBXFileReference; lastKnownFileType = wrapper.framework; name = CoreGraphics.framework; path = System/Library/Frameworks/CoreGraphics.framework; sourceTree = SDKROOT; };
		7AA77A841C8DAFA700436861 /* SystemConfiguration.framework */ = {isa = PBXFileReference; lastKnownFileType = wrapper.framework; name = SystemConfiguration.framework; path = System/Library/Frameworks/SystemConfiguration.framework; sourceTree = SDKROOT; };
		7AA77A861C8DAFB400436861 /* libz.1.2.5.tbd */ = {isa = PBXFileReference; lastKnownFileType = "sourcecode.text-based-dylib-definition"; name = libz.1.2.5.tbd; path = usr/lib/libz.1.2.5.tbd; sourceTree = SDKROOT; };
		7AA77A881C8DAFC000436861 /* libicucore.tbd */ = {isa = PBXFileReference; lastKnownFileType = "sourcecode.text-based-dylib-definition"; name = libicucore.tbd; path = usr/lib/libicucore.tbd; sourceTree = SDKROOT; };
		7AA77A8A1C8DAFCF00436861 /* libsqlite3.tbd */ = {isa = PBXFileReference; lastKnownFileType = "sourcecode.text-based-dylib-definition"; name = libsqlite3.tbd; path = usr/lib/libsqlite3.tbd; sourceTree = SDKROOT; };
		7AA77A8C1C8DAFD700436861 /* AVFoundation.framework */ = {isa = PBXFileReference; lastKnownFileType = wrapper.framework; name = AVFoundation.framework; path = System/Library/Frameworks/AVFoundation.framework; sourceTree = SDKROOT; };
		7AA77A8E1C8DAFE100436861 /* MediaPlayer.framework */ = {isa = PBXFileReference; lastKnownFileType = wrapper.framework; name = MediaPlayer.framework; path = System/Library/Frameworks/MediaPlayer.framework; sourceTree = SDKROOT; };
		A211AF072EA5911633726245 /* Pods.debug.xcconfig */ = {isa = PBXFileReference; includeInIndex = 1; lastKnownFileType = text.xcconfig; name = Pods.debug.xcconfig; path = "Pods/Target Support Files/Pods/Pods.debug.xcconfig"; sourceTree = "<group>"; };
		E3367C4D8DEE554CEE379203 /* Pods.release.xcconfig */ = {isa = PBXFileReference; includeInIndex = 1; lastKnownFileType = text.xcconfig; name = Pods.release.xcconfig; path = "Pods/Target Support Files/Pods/Pods.release.xcconfig"; sourceTree = "<group>"; };
/* End PBXFileReference section */

/* Begin PBXFrameworksBuildPhase section */
		7A59BBCA1C87E123009CAD5B /* Frameworks */ = {
			isa = PBXFrameworksBuildPhase;
			buildActionMask = 2147483647;
			files = (
				7AA77A8F1C8DAFE100436861 /* MediaPlayer.framework in Frameworks */,
				7AA77A8D1C8DAFD700436861 /* AVFoundation.framework in Frameworks */,
				7AA77A8B1C8DAFCF00436861 /* libsqlite3.tbd in Frameworks */,
				7AA77A891C8DAFC000436861 /* libicucore.tbd in Frameworks */,
				7AA77A871C8DAFB400436861 /* libz.1.2.5.tbd in Frameworks */,
				7AA77A851C8DAFA700436861 /* SystemConfiguration.framework in Frameworks */,
				7AA77A831C8DAF9400436861 /* CoreGraphics.framework in Frameworks */,
				7AA77A811C8DAF8900436861 /* Security.framework in Frameworks */,
				7AA77A7F1C8DAF7C00436861 /* CoreLocation.framework in Frameworks */,
				7AA77A7D1C8DAF6800436861 /* MobileCoreServices.framework in Frameworks */,
				7AA77A7B1C8DAF5E00436861 /* CoreTelephony.framework in Frameworks */,
				7AA77A791C8DAF5100436861 /* CFNetwork.framework in Frameworks */,
				9DF385F5D2A300E329DEDC4D /* libPods.a in Frameworks */,
				7AA77A771C8DA6CC00436861 /* BmobSDK.framework in Frameworks */,
			);
			runOnlyForDeploymentPostprocessing = 0;
		};
/* End PBXFrameworksBuildPhase section */

/* Begin PBXGroup section */
		74CEEA6FFAD5180442F7A407 /* Frameworks */ = {
			isa = PBXGroup;
			children = (
				7AA77A8E1C8DAFE100436861 /* MediaPlayer.framework */,
				7AA77A8C1C8DAFD700436861 /* AVFoundation.framework */,
				7AA77A8A1C8DAFCF00436861 /* libsqlite3.tbd */,
				7AA77A881C8DAFC000436861 /* libicucore.tbd */,
				7AA77A861C8DAFB400436861 /* libz.1.2.5.tbd */,
				7AA77A841C8DAFA700436861 /* SystemConfiguration.framework */,
				7AA77A821C8DAF9400436861 /* CoreGraphics.framework */,
				7AA77A801C8DAF8900436861 /* Security.framework */,
				7AA77A7E1C8DAF7C00436861 /* CoreLocation.framework */,
				7AA77A7C1C8DAF6800436861 /* MobileCoreServices.framework */,
				7AA77A7A1C8DAF5E00436861 /* CoreTelephony.framework */,
				7AA77A781C8DAF5100436861 /* CFNetwork.framework */,
				19D4B2BE8F32860F24220CB3 /* libPods.a */,
			);
			name = Frameworks;
			sourceTree = "<group>";
		};
		7A01E7071C8EA2F200FB2357 /* Reachability */ = {
			isa = PBXGroup;
			children = (
				7A01E7081C8EA2F200FB2357 /* LICENCE.txt */,
				7A01E7091C8EA2F200FB2357 /* Reachability.h */,
				7A01E70A1C8EA2F200FB2357 /* Reachability.m */,
				7A01E70B1C8EA2F200FB2357 /* README.md */,
			);
			path = Reachability;
			sourceTree = "<group>";
		};
		7A59BBC41C87E123009CAD5B = {
			isa = PBXGroup;
			children = (
				7A59BBCF1C87E123009CAD5B /* jokeToWatch */,
				7A59BBCE1C87E123009CAD5B /* Products */,
				9D26C1F5984DDD112819149B /* Pods */,
				74CEEA6FFAD5180442F7A407 /* Frameworks */,
			);
			sourceTree = "<group>";
		};
		7A59BBCE1C87E123009CAD5B /* Products */ = {
			isa = PBXGroup;
			children = (
				7A59BBCD1C87E123009CAD5B /* jokeToWatch.app */,
			);
			name = Products;
			sourceTree = "<group>";
		};
		7A59BBCF1C87E123009CAD5B /* jokeToWatch */ = {
			isa = PBXGroup;
			children = (
				7A59BBF81C880789009CAD5B /* Classes */,
				7A59BBDC1C87E123009CAD5B /* Assets.xcassets */,
				7A59BBDE1C87E123009CAD5B /* LaunchScreen.storyboard */,
				7A59BBE11C87E123009CAD5B /* Info.plist */,
				7A59BBD01C87E123009CAD5B /* Supporting Files */,
			);
			path = jokeToWatch;
			sourceTree = "<group>";
		};
		7A59BBD01C87E123009CAD5B /* Supporting Files */ = {
			isa = PBXGroup;
			children = (
				7A59BBD11C87E123009CAD5B /* main.m */,
			);
			name = "Supporting Files";
			sourceTree = "<group>";
		};
		7A59BBF81C880789009CAD5B /* Classes */ = {
			isa = PBXGroup;
			children = (
				7A59BBF91C880789009CAD5B /* AppDelegate */,
				7A59BBFE1C880789009CAD5B /* CLassis */,
				7A59BC041C880789009CAD5B /* Hot */,
				7A59BC0D1C880789009CAD5B /* Newest */,
				7A59BC131C880789009CAD5B /* Set */,
				7A59BC191C880789009CAD5B /* ToolRack */,
			);
			path = Classes;
			sourceTree = "<group>";
		};
		7A59BBF91C880789009CAD5B /* AppDelegate */ = {
			isa = PBXGroup;
			children = (
				7A59BBFA1C880789009CAD5B /* AppDelegate.h */,
				7A59BBFB1C880789009CAD5B /* AppDelegate.m */,
				7A59BBFC1C880789009CAD5B /* ViewController.h */,
				7A59BBFD1C880789009CAD5B /* ViewController.m */,
				7A59BBD91C87E123009CAD5B /* Main.storyboard */,
			);
			path = AppDelegate;
			sourceTree = "<group>";
		};
		7A59BBFE1C880789009CAD5B /* CLassis */ = {
			isa = PBXGroup;
			children = (
				7A59BBFF1C880789009CAD5B /* Controllers */,
				7A59BC021C880789009CAD5B /* Models */,
				7A59BC031C880789009CAD5B /* VIews */,
			);
			path = CLassis;
			sourceTree = "<group>";
		};
		7A59BBFF1C880789009CAD5B /* Controllers */ = {
			isa = PBXGroup;
			children = (
				7A59BC001C880789009CAD5B /* ClassicsViewController.h */,
				7A59BC011C880789009CAD5B /* ClassicsViewController.m */,
				7A01E7011C8E4DD500FB2357 /* PictureViewController.h */,
				7A01E7021C8E4DD500FB2357 /* PictureViewController.m */,
			);
			path = Controllers;
			sourceTree = "<group>";
		};
		7A59BC021C880789009CAD5B /* Models */ = {
			isa = PBXGroup;
			children = (
				7A026F801C8A7D9F00AA072A /* ClassisModel.h */,
				7A026F811C8A7D9F00AA072A /* ClassisModel.m */,
			);
			path = Models;
			sourceTree = "<group>";
		};
		7A59BC031C880789009CAD5B /* VIews */ = {
			isa = PBXGroup;
			children = (
				7A59BC281C8827BE009CAD5B /* Classis.storyboard */,
				7A026F7D1C8A7D3F00AA072A /* ClassisTableViewCell.h */,
				7A026F7E1C8A7D3F00AA072A /* ClassisTableViewCell.m */,
			);
			path = VIews;
			sourceTree = "<group>";
		};
		7A59BC041C880789009CAD5B /* Hot */ = {
			isa = PBXGroup;
			children = (
				7A59BC051C880789009CAD5B /* Controllers */,
				7A59BC081C880789009CAD5B /* Models */,
				7A59BC091C880789009CAD5B /* VIews */,
			);
			path = Hot;
			sourceTree = "<group>";
		};
		7A59BC051C880789009CAD5B /* Controllers */ = {
			isa = PBXGroup;
			children = (
				7A59BC061C880789009CAD5B /* HotViewController.h */,
				7A59BC071C880789009CAD5B /* HotViewController.m */,
			);
			path = Controllers;
			sourceTree = "<group>";
		};
		7A59BC081C880789009CAD5B /* Models */ = {
			isa = PBXGroup;
			children = (
				7A59BC511C8852D9009CAD5B /* HotModel.h */,
				7A59BC521C8852D9009CAD5B /* HotModel.m */,
			);
			path = Models;
			sourceTree = "<group>";
		};
		7A59BC091C880789009CAD5B /* VIews */ = {
			isa = PBXGroup;
			children = (
				7A59BC0A1C880789009CAD5B /* HotTableViewCell.h */,
				7A59BC0B1C880789009CAD5B /* HotTableViewCell.m */,
				7A59BC221C8807CD009CAD5B /* Hot.storyboard */,
			);
			path = VIews;
			sourceTree = "<group>";
		};
		7A59BC0D1C880789009CAD5B /* Newest */ = {
			isa = PBXGroup;
			children = (
				7A59BC0E1C880789009CAD5B /* Controllers */,
				7A59BC111C880789009CAD5B /* Models */,
				7A59BC121C880789009CAD5B /* Views */,
			);
			path = Newest;
			sourceTree = "<group>";
		};
		7A59BC0E1C880789009CAD5B /* Controllers */ = {
			isa = PBXGroup;
			children = (
				7A59BC0F1C880789009CAD5B /* NewestViewController.h */,
				7A59BC101C880789009CAD5B /* NewestViewController.m */,
				7A1283181C8C15DF00AE517C /* DetaiViewController.h */,
				7A1283191C8C15DF00AE517C /* DetaiViewController.m */,
			);
			path = Controllers;
			sourceTree = "<group>";
		};
		7A59BC111C880789009CAD5B /* Models */ = {
			isa = PBXGroup;
			children = (
				7AA77A661C8D2D6000436861 /* CommentModel.h */,
				7AA77A671C8D2D6000436861 /* CommentModel.m */,
			);
			path = Models;
			sourceTree = "<group>";
		};
		7A59BC121C880789009CAD5B /* Views */ = {
			isa = PBXGroup;
			children = (
				7A59BC241C880916009CAD5B /* Newest.storyboard */,
				7AA77A631C8D15FE00436861 /* DetailTableViewCell.h */,
				7AA77A641C8D15FE00436861 /* DetailTableViewCell.m */,
			);
			path = Views;
			sourceTree = "<group>";
		};
		7A59BC131C880789009CAD5B /* Set */ = {
			isa = PBXGroup;
			children = (
				7A59BC141C880789009CAD5B /* Controllers */,
				7A59BC171C880789009CAD5B /* Models */,
				7A59BC181C880789009CAD5B /* Views */,
			);
			path = Set;
			sourceTree = "<group>";
		};
		7A59BC141C880789009CAD5B /* Controllers */ = {
			isa = PBXGroup;
			children = (
				7A59BC151C880789009CAD5B /* SetViewController.h */,
				7A59BC161C880789009CAD5B /* SetViewController.m */,
				7AA77A6B1C8D7B5700436861 /* LoginViewController.h */,
				7AA77A6C1C8D7B5700436861 /* LoginViewController.m */,
				7AA77A701C8D857F00436861 /* PassWordViewController.h */,
				7AA77A711C8D857F00436861 /* PassWordViewController.m */,
				7A01E70F1C8EB41700FB2357 /* ForgetViewController.h */,
				7A01E7101C8EB41700FB2357 /* ForgetViewController.m */,
			);
			path = Controllers;
			sourceTree = "<group>";
		};
		7A59BC171C880789009CAD5B /* Models */ = {
			isa = PBXGroup;
			children = (
			);
			path = Models;
			sourceTree = "<group>";
		};
		7A59BC181C880789009CAD5B /* Views */ = {
			isa = PBXGroup;
			children = (
				7A59BC261C88098B009CAD5B /* Set.storyboard */,
				7AA77A6E1C8D81C200436861 /* Login.storyboard */,
			);
			path = Views;
			sourceTree = "<group>";
		};
		7A59BC191C880789009CAD5B /* ToolRack */ = {
			isa = PBXGroup;
			children = (
				7AA77A731C8DA6CC00436861 /* Bmob_SDK_iOS_v1.6.6 */,
				7A59BC2A1C882F3C009CAD5B /* JokeWatch.pch */,
				7A59BC571C8874FF009CAD5B /* TimeTools.h */,
				7A59BC581C8874FF009CAD5B /* TimeTools.m */,
				7A59BC4E1C8840AE009CAD5B /* JokeDefine.h */,
				7A2CA3461C89BC420010A9A7 /* UIView+UIViewExtension.m */,
				7A2CA3471C89BC420010A9A7 /* UIView+UIViewExtension.h */,
				7A026F921C8AD63E00AA072A /* UIViewController+BackPage.h */,
				7A026F931C8AD63E00AA072A /* UIViewController+BackPage.m */,
				7A01E7041C8EA24300FB2357 /* ZMYNetManager.m */,
				7A01E7071C8EA2F200FB2357 /* Reachability */,
				7A01E7061C8EA24900FB2357 /* ZMYNetManager.h */,
				7A59BC481C884071009CAD5B /* ProgressHUD */,
				7A59BC3F1C883E23009CAD5B /* PullingRefreshTableView */,
			);
			path = ToolRack;
			sourceTree = "<group>";
		};
		7A59BC3F1C883E23009CAD5B /* PullingRefreshTableView */ = {
			isa = PBXGroup;
			children = (
				7A59BC401C883E23009CAD5B /* blueArrow.png */,
				7A59BC411C883E23009CAD5B /* blueArrowDown.png */,
				7A59BC431C883E23009CAD5B /* PullingRefreshTableView.h */,
				7A59BC441C883E23009CAD5B /* PullingRefreshTableView.m */,
			);
			path = PullingRefreshTableView;
			sourceTree = "<group>";
		};
		7A59BC481C884071009CAD5B /* ProgressHUD */ = {
			isa = PBXGroup;
			children = (
				7A59BC491C884071009CAD5B /* ProgressHUD.bundle */,
				7A59BC4A1C884071009CAD5B /* ProgressHUD.h */,
				7A59BC4B1C884071009CAD5B /* ProgressHUD.m */,
			);
			path = ProgressHUD;
			sourceTree = "<group>";
		};
		7AA77A731C8DA6CC00436861 /* Bmob_SDK_iOS_v1.6.6 */ = {
			isa = PBXGroup;
			children = (
				7AA77A741C8DA6CC00436861 /* Bmob_iOS_SDK更新历史.txt */,
				7AA77A751C8DA6CC00436861 /* BmobSDK.framework */,
			);
			path = Bmob_SDK_iOS_v1.6.6;
			sourceTree = "<group>";
		};
		9D26C1F5984DDD112819149B /* Pods */ = {
			isa = PBXGroup;
			children = (
				A211AF072EA5911633726245 /* Pods.debug.xcconfig */,
				E3367C4D8DEE554CEE379203 /* Pods.release.xcconfig */,
			);
			name = Pods;
			sourceTree = "<group>";
		};
/* End PBXGroup section */

/* Begin PBXNativeTarget section */
		7A59BBCC1C87E123009CAD5B /* jokeToWatch */ = {
			isa = PBXNativeTarget;
			buildConfigurationList = 7A59BBE41C87E123009CAD5B /* Build configuration list for PBXNativeTarget "jokeToWatch" */;
			buildPhases = (
				65D6C0C345208B3C21395D49 /* Check Pods Manifest.lock */,
				7A59BBC91C87E123009CAD5B /* Sources */,
				7A59BBCA1C87E123009CAD5B /* Frameworks */,
				7A59BBCB1C87E123009CAD5B /* Resources */,
				3148063E85728A548658EA1A /* Embed Pods Frameworks */,
				0E153BA71B9FBE5F1C02D0B0 /* Copy Pods Resources */,
			);
			buildRules = (
			);
			dependencies = (
			);
			name = jokeToWatch;
			productName = jokeToWatch;
			productReference = 7A59BBCD1C87E123009CAD5B /* jokeToWatch.app */;
			productType = "com.apple.product-type.application";
		};
/* End PBXNativeTarget section */

/* Begin PBXProject section */
		7A59BBC51C87E123009CAD5B /* Project object */ = {
			isa = PBXProject;
			attributes = {
				LastUpgradeCheck = 0720;
				ORGANIZATIONNAME = YanWeiMin;
				TargetAttributes = {
					7A59BBCC1C87E123009CAD5B = {
						CreatedOnToolsVersion = 7.2.1;
						DevelopmentTeam = 7H5ZY76G6Y;
					};
				};
			};
			buildConfigurationList = 7A59BBC81C87E123009CAD5B /* Build configuration list for PBXProject "jokeToWatch" */;
			compatibilityVersion = "Xcode 3.2";
			developmentRegion = English;
			hasScannedForEncodings = 0;
			knownRegions = (
				en,
				Base,
			);
			mainGroup = 7A59BBC41C87E123009CAD5B;
			productRefGroup = 7A59BBCE1C87E123009CAD5B /* Products */;
			projectDirPath = "";
			projectRoot = "";
			targets = (
				7A59BBCC1C87E123009CAD5B /* jokeToWatch */,
			);
		};
/* End PBXProject section */

/* Begin PBXResourcesBuildPhase section */
		7A59BBCB1C87E123009CAD5B /* Resources */ = {
			isa = PBXResourcesBuildPhase;
			buildActionMask = 2147483647;
			files = (
				7A01E70C1C8EA2F200FB2357 /* LICENCE.txt in Resources */,
				7A59BC4C1C884071009CAD5B /* ProgressHUD.bundle in Resources */,
				7A59BBE01C87E123009CAD5B /* LaunchScreen.storyboard in Resources */,
				7A59BC461C883E23009CAD5B /* blueArrowDown.png in Resources */,
				7A59BBDD1C87E123009CAD5B /* Assets.xcassets in Resources */,
				7A59BC231C8807CD009CAD5B /* Hot.storyboard in Resources */,
				7AA77A761C8DA6CC00436861 /* Bmob_iOS_SDK更新历史.txt in Resources */,
				7A59BC451C883E23009CAD5B /* blueArrow.png in Resources */,
				7A59BC291C8827BE009CAD5B /* Classis.storyboard in Resources */,
				7A59BBDB1C87E123009CAD5B /* Main.storyboard in Resources */,
				7A59BC271C88098B009CAD5B /* Set.storyboard in Resources */,
				7A59BC251C880916009CAD5B /* Newest.storyboard in Resources */,
				7AA77A6F1C8D81C200436861 /* Login.storyboard in Resources */,
			);
			runOnlyForDeploymentPostprocessing = 0;
		};
/* End PBXResourcesBuildPhase section */

/* Begin PBXShellScriptBuildPhase section */
		0E153BA71B9FBE5F1C02D0B0 /* Copy Pods Resources */ = {
			isa = PBXShellScriptBuildPhase;
			buildActionMask = 2147483647;
			files = (
			);
			inputPaths = (
			);
			name = "Copy Pods Resources";
			outputPaths = (
			);
			runOnlyForDeploymentPostprocessing = 0;
			shellPath = /bin/sh;
			shellScript = "\"${SRCROOT}/Pods/Target Support Files/Pods/Pods-resources.sh\"\n";
			showEnvVarsInLog = 0;
		};
		3148063E85728A548658EA1A /* Embed Pods Frameworks */ = {
			isa = PBXShellScriptBuildPhase;
			buildActionMask = 2147483647;
			files = (
			);
			inputPaths = (
			);
			name = "Embed Pods Frameworks";
			outputPaths = (
			);
			runOnlyForDeploymentPostprocessing = 0;
			shellPath = /bin/sh;
			shellScript = "\"${SRCROOT}/Pods/Target Support Files/Pods/Pods-frameworks.sh\"\n";
			showEnvVarsInLog = 0;
		};
		65D6C0C345208B3C21395D49 /* Check Pods Manifest.lock */ = {
			isa = PBXShellScriptBuildPhase;
			buildActionMask = 2147483647;
			files = (
			);
			inputPaths = (
			);
			name = "Check Pods Manifest.lock";
			outputPaths = (
			);
			runOnlyForDeploymentPostprocessing = 0;
			shellPath = /bin/sh;
			shellScript = "diff \"${PODS_ROOT}/../Podfile.lock\" \"${PODS_ROOT}/Manifest.lock\" > /dev/null\nif [[ $? != 0 ]] ; then\n    cat << EOM\nerror: The sandbox is not in sync with the Podfile.lock. Run 'pod install' or update your CocoaPods installation.\nEOM\n    exit 1\nfi\n";
			showEnvVarsInLog = 0;
		};
/* End PBXShellScriptBuildPhase section */

/* Begin PBXSourcesBuildPhase section */
		7A59BBC91C87E123009CAD5B /* Sources */ = {
			isa = PBXSourcesBuildPhase;
			buildActionMask = 2147483647;
			files = (
				7AA77A721C8D857F00436861 /* PassWordViewController.m in Sources */,
				7A59BC1B1C880789009CAD5B /* ViewController.m in Sources */,
				7AA77A681C8D2D6000436861 /* CommentModel.m in Sources */,
				7A59BC531C8852D9009CAD5B /* HotModel.m in Sources */,
				7A12831A1C8C15DF00AE517C /* DetaiViewController.m in Sources */,
				7AA77A6D1C8D7B5700436861 /* LoginViewController.m in Sources */,
				7A59BC211C880789009CAD5B /* SetViewController.m in Sources */,
				7A59BC4D1C884071009CAD5B /* ProgressHUD.m in Sources */,
				7A01E7051C8EA24300FB2357 /* ZMYNetManager.m in Sources */,
				7A59BC1A1C880789009CAD5B /* AppDelegate.m in Sources */,
				7A01E70D1C8EA2F200FB2357 /* Reachability.m in Sources */,
				7A59BC201C880789009CAD5B /* NewestViewController.m in Sources */,
				7A01E70E1C8EA2F200FB2357 /* README.md in Sources */,
				7A59BC1D1C880789009CAD5B /* HotViewController.m in Sources */,
				7A026F7F1C8A7D3F00AA072A /* ClassisTableViewCell.m in Sources */,
				7A59BBD21C87E123009CAD5B /* main.m in Sources */,
				7A59BC1C1C880789009CAD5B /* ClassicsViewController.m in Sources */,
				7A2CA3481C89BC420010A9A7 /* UIView+UIViewExtension.m in Sources */,
				7A59BC471C883E23009CAD5B /* PullingRefreshTableView.m in Sources */,
				7AA77A651C8D15FE00436861 /* DetailTableViewCell.m in Sources */,
				7A026F821C8A7D9F00AA072A /* ClassisModel.m in Sources */,
				7A01E7111C8EB41700FB2357 /* ForgetViewController.m in Sources */,
				7A59BC1E1C880789009CAD5B /* HotTableViewCell.m in Sources */,
				7A026F941C8AD63E00AA072A /* UIViewController+BackPage.m in Sources */,
				7A59BC591C8874FF009CAD5B /* TimeTools.m in Sources */,
				7A01E7031C8E4DD500FB2357 /* PictureViewController.m in Sources */,
			);
			runOnlyForDeploymentPostprocessing = 0;
		};
/* End PBXSourcesBuildPhase section */

/* Begin PBXVariantGroup section */
		7A59BBD91C87E123009CAD5B /* Main.storyboard */ = {
			isa = PBXVariantGroup;
			children = (
				7A59BBDA1C87E123009CAD5B /* Base */,
			);
			name = Main.storyboard;
			path = ../..;
			sourceTree = "<group>";
		};
		7A59BBDE1C87E123009CAD5B /* LaunchScreen.storyboard */ = {
			isa = PBXVariantGroup;
			children = (
				7A59BBDF1C87E123009CAD5B /* Base */,
			);
			name = LaunchScreen.storyboard;
			sourceTree = "<group>";
		};
/* End PBXVariantGroup section */

/* Begin XCBuildConfiguration section */
		7A59BBE21C87E123009CAD5B /* Debug */ = {
			isa = XCBuildConfiguration;
			buildSettings = {
				ALWAYS_SEARCH_USER_PATHS = NO;
				CLANG_CXX_LANGUAGE_STANDARD = "gnu++0x";
				CLANG_CXX_LIBRARY = "libc++";
				CLANG_ENABLE_MODULES = YES;
				CLANG_ENABLE_OBJC_ARC = YES;
				CLANG_WARN_BOOL_CONVERSION = YES;
				CLANG_WARN_CONSTANT_CONVERSION = YES;
				CLANG_WARN_DIRECT_OBJC_ISA_USAGE = YES_ERROR;
				CLANG_WARN_EMPTY_BODY = YES;
				CLANG_WARN_ENUM_CONVERSION = YES;
				CLANG_WARN_INT_CONVERSION = YES;
				CLANG_WARN_OBJC_ROOT_CLASS = YES_ERROR;
				CLANG_WARN_UNREACHABLE_CODE = YES;
				CLANG_WARN__DUPLICATE_METHOD_MATCH = YES;
				"CODE_SIGN_IDENTITY[sdk=iphoneos*]" = "iPhone Developer";
				COPY_PHASE_STRIP = NO;
				DEBUG_INFORMATION_FORMAT = dwarf;
				ENABLE_STRICT_OBJC_MSGSEND = YES;
				ENABLE_TESTABILITY = YES;
				GCC_C_LANGUAGE_STANDARD = gnu99;
				GCC_DYNAMIC_NO_PIC = NO;
				GCC_NO_COMMON_BLOCKS = YES;
				GCC_OPTIMIZATION_LEVEL = 0;
				GCC_PREPROCESSOR_DEFINITIONS = (
					"DEBUG=1",
					"$(inherited)",
				);
				GCC_WARN_64_TO_32_BIT_CONVERSION = YES;
				GCC_WARN_ABOUT_RETURN_TYPE = YES_ERROR;
				GCC_WARN_UNDECLARED_SELECTOR = YES;
				GCC_WARN_UNINITIALIZED_AUTOS = YES_AGGRESSIVE;
				GCC_WARN_UNUSED_FUNCTION = YES;
				GCC_WARN_UNUSED_VARIABLE = YES;
				IPHONEOS_DEPLOYMENT_TARGET = 9.2;
				MTL_ENABLE_DEBUG_INFO = YES;
				ONLY_ACTIVE_ARCH = YES;
				SDKROOT = iphoneos;
			};
			name = Debug;
		};
		7A59BBE31C87E123009CAD5B /* Release */ = {
			isa = XCBuildConfiguration;
			buildSettings = {
				ALWAYS_SEARCH_USER_PATHS = NO;
				CLANG_CXX_LANGUAGE_STANDARD = "gnu++0x";
				CLANG_CXX_LIBRARY = "libc++";
				CLANG_ENABLE_MODULES = YES;
				CLANG_ENABLE_OBJC_ARC = YES;
				CLANG_WARN_BOOL_CONVERSION = YES;
				CLANG_WARN_CONSTANT_CONVERSION = YES;
				CLANG_WARN_DIRECT_OBJC_ISA_USAGE = YES_ERROR;
				CLANG_WARN_EMPTY_BODY = YES;
				CLANG_WARN_ENUM_CONVERSION = YES;
				CLANG_WARN_INT_CONVERSION = YES;
				CLANG_WARN_OBJC_ROOT_CLASS = YES_ERROR;
				CLANG_WARN_UNREACHABLE_CODE = YES;
				CLANG_WARN__DUPLICATE_METHOD_MATCH = YES;
				"CODE_SIGN_IDENTITY[sdk=iphoneos*]" = "iPhone Developer";
				COPY_PHASE_STRIP = NO;
				DEBUG_INFORMATION_FORMAT = "dwarf-with-dsym";
				ENABLE_NS_ASSERTIONS = NO;
				ENABLE_STRICT_OBJC_MSGSEND = YES;
				GCC_C_LANGUAGE_STANDARD = gnu99;
				GCC_NO_COMMON_BLOCKS = YES;
				GCC_WARN_64_TO_32_BIT_CONVERSION = YES;
				GCC_WARN_ABOUT_RETURN_TYPE = YES_ERROR;
				GCC_WARN_UNDECLARED_SELECTOR = YES;
				GCC_WARN_UNINITIALIZED_AUTOS = YES_AGGRESSIVE;
				GCC_WARN_UNUSED_FUNCTION = YES;
				GCC_WARN_UNUSED_VARIABLE = YES;
				IPHONEOS_DEPLOYMENT_TARGET = 9.2;
				MTL_ENABLE_DEBUG_INFO = NO;
				SDKROOT = iphoneos;
				VALIDATE_PRODUCT = YES;
			};
			name = Release;
		};
		7A59BBE51C87E123009CAD5B /* Debug */ = {
			isa = XCBuildConfiguration;
			baseConfigurationReference = A211AF072EA5911633726245 /* Pods.debug.xcconfig */;
			buildSettings = {
				ASSETCATALOG_COMPILER_APPICON_NAME = AppIcon;
				FRAMEWORK_SEARCH_PATHS = (
					"$(inherited)",
					"$(PROJECT_DIR)/jokeToWatch/Classes/ToolRack/Bmob_SDK_iOS_v1.6.6",
				);
				GCC_PRECOMPILE_PREFIX_HEADER = YES;
				GCC_PREFIX_HEADER = "/Users/scjy/Desktop/课堂讲解/项目实训/JokeToWatch/jokeToWatch/jokeToWatch/Classes/ToolRack/JokeWatch.pch";
				INFOPLIST_FILE = jokeToWatch/Info.plist;
				IPHONEOS_DEPLOYMENT_TARGET = 8.3;
				LD_RUNPATH_SEARCH_PATHS = "$(inherited) @executable_path/Frameworks";
				PRODUCT_BUNDLE_IDENTIFIER = MangoiOS.jokeToWatch;
				PRODUCT_NAME = "$(TARGET_NAME)";
			};
			name = Debug;
		};
		7A59BBE61C87E123009CAD5B /* Release */ = {
			isa = XCBuildConfiguration;
			baseConfigurationReference = E3367C4D8DEE554CEE379203 /* Pods.release.xcconfig */;
			buildSettings = {
				ASSETCATALOG_COMPILER_APPICON_NAME = AppIcon;
				FRAMEWORK_SEARCH_PATHS = (
					"$(inherited)",
					"$(PROJECT_DIR)/jokeToWatch/Classes/ToolRack/Bmob_SDK_iOS_v1.6.6",
				);
				GCC_PRECOMPILE_PREFIX_HEADER = YES;
				GCC_PREFIX_HEADER = "/Users/scjy/Desktop/课堂讲解/项目实训/JokeToWatch/jokeToWatch/jokeToWatch/Classes/ToolRack/JokeWatch.pch";
				INFOPLIST_FILE = jokeToWatch/Info.plist;
				IPHONEOS_DEPLOYMENT_TARGET = 8.3;
				LD_RUNPATH_SEARCH_PATHS = "$(inherited) @executable_path/Frameworks";
				PRODUCT_BUNDLE_IDENTIFIER = MangoiOS.jokeToWatch;
				PRODUCT_NAME = "$(TARGET_NAME)";
			};
			name = Release;
		};
/* End XCBuildConfiguration section */

/* Begin XCConfigurationList section */
		7A59BBC81C87E123009CAD5B /* Build configuration list for PBXProject "jokeToWatch" */ = {
			isa = XCConfigurationList;
			buildConfigurations = (
				7A59BBE21C87E123009CAD5B /* Debug */,
				7A59BBE31C87E123009CAD5B /* Release */,
			);
			defaultConfigurationIsVisible = 0;
			defaultConfigurationName = Release;
		};
		7A59BBE41C87E123009CAD5B /* Build configuration list for PBXNativeTarget "jokeToWatch" */ = {
			isa = XCConfigurationList;
			buildConfigurations = (
				7A59BBE51C87E123009CAD5B /* Debug */,
				7A59BBE61C87E123009CAD5B /* Release */,
			);
			defaultConfigurationIsVisible = 0;
			defaultConfigurationName = Release;
		};
/* End XCConfigurationList section */
	};
	rootObject = 7A59BBC51C87E123009CAD5B /* Project object */;
}
